// !$*UTF8*$!
{
	archiveVersion = 1;
	classes = {
	};
	objectVersion = 46;
	objects = {

/* Begin PBXBuildFile section */
		4AF7B47213C9113A00BF66D8 /* FBSyncServices.m in Sources */ = {isa = PBXBuildFile; fileRef = 4AF7B47113C9113A00BF66D8 /* FBSyncServices.m */; };
		D03EA32D13C904340058555C /* Cocoa.framework in Frameworks */ = {isa = PBXBuildFile; fileRef = D03EA32C13C904340058555C /* Cocoa.framework */; };
		D03EA33713C904340058555C /* InfoPlist.strings in Resources */ = {isa = PBXBuildFile; fileRef = D03EA33513C904340058555C /* InfoPlist.strings */; };
		D03EA33A13C904340058555C /* main.m in Sources */ = {isa = PBXBuildFile; fileRef = D03EA33913C904340058555C /* main.m */; };
		D03EA33D13C904340058555C /* Credits.rtf in Resources */ = {isa = PBXBuildFile; fileRef = D03EA33B13C904340058555C /* Credits.rtf */; };
		D03EA34013C904340058555C /* FBSyncAppDelegate.m in Sources */ = {isa = PBXBuildFile; fileRef = D03EA33F13C904340058555C /* FBSyncAppDelegate.m */; };
		D03EA34313C904340058555C /* MainMenu.xib in Resources */ = {isa = PBXBuildFile; fileRef = D03EA34113C904340058555C /* MainMenu.xib */; };
		D03EA34E13C908F20058555C /* SyncServices.framework in Frameworks */ = {isa = PBXBuildFile; fileRef = D03EA34D13C908F20058555C /* SyncServices.framework */; };
		D03EA35913C90C1F0058555C /* FacebookController.m in Sources */ = {isa = PBXBuildFile; fileRef = D03EA35813C90C1F0058555C /* FacebookController.m */; };
		D03EA36013C90F1E0058555C /* MKAbeFook.framework in Frameworks */ = {isa = PBXBuildFile; fileRef = D03EA35F13C90F1E0058555C /* MKAbeFook.framework */; };
		D03EA36213C90F6F0058555C /* MKAbeFook.framework in CopyFiles */ = {isa = PBXBuildFile; fileRef = D03EA35F13C90F1E0058555C /* MKAbeFook.framework */; };
/* End PBXBuildFile section */

/* Begin PBXCopyFilesBuildPhase section */
		D03EA35C13C90E060058555C /* CopyFiles */ = {
			isa = PBXCopyFilesBuildPhase;
			buildActionMask = 2147483647;
			dstPath = "";
			dstSubfolderSpec = 10;
			files = (
				D03EA36213C90F6F0058555C /* MKAbeFook.framework in CopyFiles */,
			);
			runOnlyForDeploymentPostprocessing = 0;
		};
/* End PBXCopyFilesBuildPhase section */

/* Begin PBXFileReference section */
		4AF7B47013C9113A00BF66D8 /* FBSyncServices.h */ = {isa = PBXFileReference; fileEncoding = 4; lastKnownFileType = sourcecode.c.h; path = FBSyncServices.h; sourceTree = "<group>"; };
		4AF7B47113C9113A00BF66D8 /* FBSyncServices.m */ = {isa = PBXFileReference; fileEncoding = 4; lastKnownFileType = sourcecode.c.objc; path = FBSyncServices.m; sourceTree = "<group>"; };
		D03EA32813C904340058555C /* FBSync.app */ = {isa = PBXFileReference; explicitFileType = wrapper.application; includeInIndex = 0; path = FBSync.app; sourceTree = BUILT_PRODUCTS_DIR; };
		D03EA32C13C904340058555C /* Cocoa.framework */ = {isa = PBXFileReference; lastKnownFileType = wrapper.framework; name = Cocoa.framework; path = System/Library/Frameworks/Cocoa.framework; sourceTree = SDKROOT; };
		D03EA32F13C904340058555C /* AppKit.framework */ = {isa = PBXFileReference; lastKnownFileType = wrapper.framework; name = AppKit.framework; path = System/Library/Frameworks/AppKit.framework; sourceTree = SDKROOT; };
		D03EA33013C904340058555C /* CoreData.framework */ = {isa = PBXFileReference; lastKnownFileType = wrapper.framework; name = CoreData.framework; path = System/Library/Frameworks/CoreData.framework; sourceTree = SDKROOT; };
		D03EA33113C904340058555C /* Foundation.framework */ = {isa = PBXFileReference; lastKnownFileType = wrapper.framework; name = Foundation.framework; path = System/Library/Frameworks/Foundation.framework; sourceTree = SDKROOT; };
		D03EA33413C904340058555C /* FBSync-Info.plist */ = {isa = PBXFileReference; lastKnownFileType = text.plist.xml; path = "FBSync-Info.plist"; sourceTree = "<group>"; };
		D03EA33613C904340058555C /* en */ = {isa = PBXFileReference; lastKnownFileType = text.plist.strings; name = en; path = en.lproj/InfoPlist.strings; sourceTree = "<group>"; };
		D03EA33813C904340058555C /* FBSync-Prefix.pch */ = {isa = PBXFileReference; lastKnownFileType = sourcecode.c.h; path = "FBSync-Prefix.pch"; sourceTree = "<group>"; };
		D03EA33913C904340058555C /* main.m */ = {isa = PBXFileReference; lastKnownFileType = sourcecode.c.objc; path = main.m; sourceTree = "<group>"; };
		D03EA33C13C904340058555C /* en */ = {isa = PBXFileReference; lastKnownFileType = text.rtf; name = en; path = en.lproj/Credits.rtf; sourceTree = "<group>"; };
		D03EA33E13C904340058555C /* FBSyncAppDelegate.h */ = {isa = PBXFileReference; lastKnownFileType = sourcecode.c.h; path = FBSyncAppDelegate.h; sourceTree = "<group>"; };
		D03EA33F13C904340058555C /* FBSyncAppDelegate.m */ = {isa = PBXFileReference; lastKnownFileType = sourcecode.c.objc; path = FBSyncAppDelegate.m; sourceTree = "<group>"; };
		D03EA34213C904340058555C /* en */ = {isa = PBXFileReference; lastKnownFileType = file.xib; name = en; path = en.lproj/MainMenu.xib; sourceTree = "<group>"; };
		D03EA34D13C908F20058555C /* SyncServices.framework */ = {isa = PBXFileReference; lastKnownFileType = wrapper.framework; name = SyncServices.framework; path = System/Library/Frameworks/SyncServices.framework; sourceTree = SDKROOT; };
		D03EA35713C90C1F0058555C /* FacebookController.h */ = {isa = PBXFileReference; fileEncoding = 4; lastKnownFileType = sourcecode.c.h; path = FacebookController.h; sourceTree = "<group>"; };
		D03EA35813C90C1F0058555C /* FacebookController.m */ = {isa = PBXFileReference; fileEncoding = 4; lastKnownFileType = sourcecode.c.objc; path = FacebookController.m; sourceTree = "<group>"; };
		D03EA35F13C90F1E0058555C /* MKAbeFook.framework */ = {isa = PBXFileReference; lastKnownFileType = wrapper.framework; path = MKAbeFook.framework; sourceTree = "<group>"; };
/* End PBXFileReference section */

/* Begin PBXFrameworksBuildPhase section */
		D03EA32513C904340058555C /* Frameworks */ = {
			isa = PBXFrameworksBuildPhase;
			buildActionMask = 2147483647;
			files = (
				D03EA34E13C908F20058555C /* SyncServices.framework in Frameworks */,
				D03EA32D13C904340058555C /* Cocoa.framework in Frameworks */,
				D03EA36013C90F1E0058555C /* MKAbeFook.framework in Frameworks */,
			);
			runOnlyForDeploymentPostprocessing = 0;
		};
/* End PBXFrameworksBuildPhase section */

/* Begin PBXGroup section */
		D03EA31D13C904340058555C = {
			isa = PBXGroup;
			children = (
				D03EA33213C904340058555C /* FBSync */,
				D03EA32B13C904340058555C /* Frameworks */,
				D03EA32913C904340058555C /* Products */,
			);
			sourceTree = "<group>";
		};
		D03EA32913C904340058555C /* Products */ = {
			isa = PBXGroup;
			children = (
				D03EA32813C904340058555C /* FBSync.app */,
			);
			name = Products;
			sourceTree = "<group>";
		};
		D03EA32B13C904340058555C /* Frameworks */ = {
			isa = PBXGroup;
			children = (
				D03EA35F13C90F1E0058555C /* MKAbeFook.framework */,
				D03EA32C13C904340058555C /* Cocoa.framework */,
				D03EA32E13C904340058555C /* Other Frameworks */,
			);
			name = Frameworks;
			sourceTree = "<group>";
		};
		D03EA32E13C904340058555C /* Other Frameworks */ = {
			isa = PBXGroup;
			children = (
				D03EA34D13C908F20058555C /* SyncServices.framework */,
				D03EA32F13C904340058555C /* AppKit.framework */,
				D03EA33013C904340058555C /* CoreData.framework */,
				D03EA33113C904340058555C /* Foundation.framework */,
			);
			name = "Other Frameworks";
			sourceTree = "<group>";
		};
		D03EA33213C904340058555C /* FBSync */ = {
			isa = PBXGroup;
			children = (
				D03EA33E13C904340058555C /* FBSyncAppDelegate.h */,
				4AF7B47013C9113A00BF66D8 /* FBSyncServices.h */,
				4AF7B47113C9113A00BF66D8 /* FBSyncServices.m */,
				D03EA33F13C904340058555C /* FBSyncAppDelegate.m */,
				D03EA34113C904340058555C /* MainMenu.xib */,
				D03EA33313C904340058555C /* Supporting Files */,
				D03EA35713C90C1F0058555C /* FacebookController.h */,
				D03EA35813C90C1F0058555C /* FacebookController.m */,
			);
			path = FBSync;
			sourceTree = "<group>";
		};
		D03EA33313C904340058555C /* Supporting Files */ = {
			isa = PBXGroup;
			children = (
				D03EA33413C904340058555C /* FBSync-Info.plist */,
				D03EA33513C904340058555C /* InfoPlist.strings */,
				D03EA33813C904340058555C /* FBSync-Prefix.pch */,
				D03EA33913C904340058555C /* main.m */,
				D03EA33B13C904340058555C /* Credits.rtf */,
			);
			name = "Supporting Files";
			sourceTree = "<group>";
		};
/* End PBXGroup section */

/* Begin PBXNativeTarget section */
		D03EA32713C904340058555C /* FBSync */ = {
			isa = PBXNativeTarget;
			buildConfigurationList = D03EA34613C904340058555C /* Build configuration list for PBXNativeTarget "FBSync" */;
			buildPhases = (
				D03EA32413C904340058555C /* Sources */,
				D03EA32513C904340058555C /* Frameworks */,
				D03EA32613C904340058555C /* Resources */,
				D03EA35C13C90E060058555C /* CopyFiles */,
			);
			buildRules = (
			);
			dependencies = (
			);
			name = FBSync;
			productName = FBSync;
			productReference = D03EA32813C904340058555C /* FBSync.app */;
			productType = "com.apple.product-type.application";
		};
/* End PBXNativeTarget section */

/* Begin PBXProject section */
		D03EA31F13C904340058555C /* Project object */ = {
			isa = PBXProject;
			attributes = {
				ORGANIZATIONNAME = "2bkco, Inc.";
			};
			buildConfigurationList = D03EA32213C904340058555C /* Build configuration list for PBXProject "FBSync" */;
			compatibilityVersion = "Xcode 3.2";
			developmentRegion = English;
			hasScannedForEncodings = 0;
			knownRegions = (
				en,
			);
			mainGroup = D03EA31D13C904340058555C;
			productRefGroup = D03EA32913C904340058555C /* Products */;
			projectDirPath = "";
			projectRoot = "";
			targets = (
				D03EA32713C904340058555C /* FBSync */,
			);
		};
/* End PBXProject section */

/* Begin PBXResourcesBuildPhase section */
		D03EA32613C904340058555C /* Resources */ = {
			isa = PBXResourcesBuildPhase;
			buildActionMask = 2147483647;
			files = (
				D03EA33713C904340058555C /* InfoPlist.strings in Resources */,
				D03EA33D13C904340058555C /* Credits.rtf in Resources */,
				D03EA34313C904340058555C /* MainMenu.xib in Resources */,
			);
			runOnlyForDeploymentPostprocessing = 0;
		};
/* End PBXResourcesBuildPhase section */

/* Begin PBXSourcesBuildPhase section */
		D03EA32413C904340058555C /* Sources */ = {
			isa = PBXSourcesBuildPhase;
			buildActionMask = 2147483647;
			files = (
				D03EA33A13C904340058555C /* main.m in Sources */,
				D03EA34013C904340058555C /* FBSyncAppDelegate.m in Sources */,
				D03EA35913C90C1F0058555C /* FacebookController.m in Sources */,
				4AF7B47213C9113A00BF66D8 /* FBSyncServices.m in Sources */,
			);
			runOnlyForDeploymentPostprocessing = 0;
		};
/* End PBXSourcesBuildPhase section */

/* Begin PBXVariantGroup section */
		D03EA33513C904340058555C /* InfoPlist.strings */ = {
			isa = PBXVariantGroup;
			children = (
				D03EA33613C904340058555C /* en */,
			);
			name = InfoPlist.strings;
			sourceTree = "<group>";
		};
		D03EA33B13C904340058555C /* Credits.rtf */ = {
			isa = PBXVariantGroup;
			children = (
				D03EA33C13C904340058555C /* en */,
			);
			name = Credits.rtf;
			sourceTree = "<group>";
		};
		D03EA34113C904340058555C /* MainMenu.xib */ = {
			isa = PBXVariantGroup;
			children = (
				D03EA34213C904340058555C /* en */,
			);
			name = MainMenu.xib;
			sourceTree = "<group>";
		};
/* End PBXVariantGroup section */

/* Begin XCBuildConfiguration section */
		D03EA34413C904340058555C /* Debug */ = {
			isa = XCBuildConfiguration;
			buildSettings = {
				ARCHS = "$(ARCHS_STANDARD_32_64_BIT)";
				GCC_C_LANGUAGE_STANDARD = gnu99;
				GCC_OPTIMIZATION_LEVEL = 0;
				GCC_PREPROCESSOR_DEFINITIONS = DEBUG;
				GCC_SYMBOLS_PRIVATE_EXTERN = NO;
				GCC_VERSION = com.apple.compilers.llvm.clang.1_0;
				GCC_WARN_64_TO_32_BIT_CONVERSION = YES;
				GCC_WARN_ABOUT_RETURN_TYPE = YES;
				GCC_WARN_UNUSED_VARIABLE = YES;
				MACOSX_DEPLOYMENT_TARGET = 10.6;
				ONLY_ACTIVE_ARCH = YES;
				SDKROOT = macosx;
			};
			name = Debug;
		};
		D03EA34513C904340058555C /* Release */ = {
			isa = XCBuildConfiguration;
			buildSettings = {
				ARCHS = "$(ARCHS_STANDARD_32_64_BIT)";
				GCC_C_LANGUAGE_STANDARD = gnu99;
				GCC_VERSION = com.apple.compilers.llvm.clang.1_0;
				GCC_WARN_64_TO_32_BIT_CONVERSION = YES;
				GCC_WARN_ABOUT_RETURN_TYPE = YES;
				GCC_WARN_UNUSED_VARIABLE = YES;
				MACOSX_DEPLOYMENT_TARGET = 10.6;
				SDKROOT = macosx;
			};
			name = Release;
		};
		D03EA34713C904340058555C /* Debug */ = {
			isa = XCBuildConfiguration;
			buildSettings = {
				ALWAYS_SEARCH_USER_PATHS = NO;
				COPY_PHASE_STRIP = NO;
				FRAMEWORK_SEARCH_PATHS = (
					"$(inherited)",
					"\"$(SRCROOT)\"",
				);
				GCC_DYNAMIC_NO_PIC = NO;
				GCC_ENABLE_OBJC_EXCEPTIONS = YES;
				GCC_PRECOMPILE_PREFIX_HEADER = YES;
				GCC_PREFIX_HEADER = "FBSync/FBSync-Prefix.pch";
				INFOPLIST_FILE = "FBSync/FBSync-Info.plist";
				PRODUCT_NAME = "$(TARGET_NAME)";
				WRAPPER_EXTENSION = app;
			};
			name = Debug;
		};
		D03EA34813C904340058555C /* Release */ = {
			isa = XCBuildConfiguration;
			buildSettings = {
				ALWAYS_SEARCH_USER_PATHS = NO;
				COPY_PHASE_STRIP = YES;
				DEBUG_INFORMATION_FORMAT = "dwarf-with-dsym";
				FRAMEWORK_SEARCH_PATHS = (
					"$(inherited)",
					"\"$(SRCROOT)\"",
				);
				GCC_ENABLE_OBJC_EXCEPTIONS = YES;
				GCC_PRECOMPILE_PREFIX_HEADER = YES;
				GCC_PREFIX_HEADER = "FBSync/FBSync-Prefix.pch";
				INFOPLIST_FILE = "FBSync/FBSync-Info.plist";
				PRODUCT_NAME = "$(TARGET_NAME)";
				WRAPPER_EXTENSION = app;
			};
			name = Release;
		};
/* End XCBuildConfiguration section */

/* Begin XCConfigurationList section */
		D03EA32213C904340058555C /* Build configuration list for PBXProject "FBSync" */ = {
			isa = XCConfigurationList;
			buildConfigurations = (
				D03EA34413C904340058555C /* Debug */,
				D03EA34513C904340058555C /* Release */,
			);
			defaultConfigurationIsVisible = 0;
			defaultConfigurationName = Release;
		};
		D03EA34613C904340058555C /* Build configuration list for PBXNativeTarget "FBSync" */ = {
			isa = XCConfigurationList;
			buildConfigurations = (
				D03EA34713C904340058555C /* Debug */,
				D03EA34813C904340058555C /* Release */,
			);
			defaultConfigurationIsVisible = 0;
			defaultConfigurationName = Release;
		};
/* End XCConfigurationList section */
	};
	rootObject = D03EA31F13C904340058555C /* Project object */;
}
